
Microsoft Visual Studio Solution File, Format Version 12.00
# Visual Studio Version 17
VisualStudioVersion = 17.3.32825.248
MinimumVisualStudioVersion = 10.0.40219.1
Project("{9A19103F-16F7-4668-BE54-9A1E7A4F7556}") = "CommonLib", "CommonLib.csproj", "{36A541A5-40CA-4A01-90F0-448C33756EEE}"
EndProject
Global
	GlobalSection(SolutionConfigurationPlatforms) = preSolution
		Debug|Any CPU = Debug|Any CPU
		Release|Any CPU = Release|Any CPU
	EndGlobalSection
	GlobalSection(ProjectConfigurationPlatforms) = postSolution
		{36A541A5-40CA-4A01-90F0-448C33756EEE}.Debug|Any CPU.ActiveCfg = Debug|Any CPU
		{36A541A5-40CA-4A01-90F0-448C33756EEE}.Debug|Any CPU.Build.0 = Debug|Any CPU
		{36A541A5-40CA-4A01-90F0-448C33756EEE}.Release|Any CPU.ActiveCfg = Release|Any CPU
		{36A541A5-40CA-4A01-90F0-448C33756EEE}.Release|Any CPU.Build.0 = Release|Any CPU
	EndGlobalSection
	GlobalSection(SolutionProperties) = preSolution
		HideSolutionNode = FALSE
	EndGlobalSection
	GlobalSection(ExtensibilityGlobals) = postSolution
		SolutionGuid = {AB23081B-9062-4B45-9FFF-B64B68D05AF2}
	EndGlobalSection
EndGlobal
